
Microsoft Visual Studio Solution File, Format Version 12.00
# Visual Studio Version 16
VisualStudioVersion = 16.0.31424.327
MinimumVisualStudioVersion = 10.0.40219.1
Project("{FAE04EC0-301F-11D3-BF4B-00C04F79EFBC}") = "2.2 15v", "2.2 15v\2.2 15v.csproj", "{6A9E28B2-CF35-4B76-8BC5-0F16CFBCC125}"
EndProject
Global
	GlobalSection(SolutionConfigurationPlatforms) = preSolution
		Debug|Any CPU = Debug|Any CPU
		Release|Any CPU = Release|Any CPU
	EndGlobalSection
	GlobalSection(ProjectConfigurationPlatforms) = postSolution
		{6A9E28B2-CF35-4B76-8BC5-0F16CFBCC125}.Debug|Any CPU.ActiveCfg = Debug|Any CPU
		{6A9E28B2-CF35-4B76-8BC5-0F16CFBCC125}.Debug|Any CPU.Build.0 = Debug|Any CPU
		{6A9E28B2-CF35-4B76-8BC5-0F16CFBCC125}.Release|Any CPU.ActiveCfg = Release|Any CPU
		{6A9E28B2-CF35-4B76-8BC5-0F16CFBCC125}.Release|Any CPU.Build.0 = Release|Any CPU
	EndGlobalSection
	GlobalSection(SolutionProperties) = preSolution
		HideSolutionNode = FALSE
	EndGlobalSection
	GlobalSection(ExtensibilityGlobals) = postSolution
		SolutionGuid = {45EF2A68-A50D-48C6-9207-F826F987F537}
	EndGlobalSection
EndGlobal
